# This file is automatically @generated by Cargo.
# It is not intended for manual editing.
version = 3

[[package]]
name = "bitflags"
version = "2.5.0"
source = "registry+https://github.com/rust-lang/crates.io-index"
checksum = "cf4b9d6a944f767f8e5e0db018570623c85f3d925ac718db4e06d0187adb21c1"

[[package]]
name = "epoll"
version = "4.3.3"
source = "registry+https://github.com/rust-lang/crates.io-index"
checksum = "74351c3392ea1ff6cd2628e0042d268ac2371cb613252ff383b6dfa50d22fa79"
dependencies = [
 "bitflags",
 "libc",
]

[[package]]
name = "httpserver"
version = "0.1.0"
dependencies = [
 "epoll",
]

[[package]]
name = "libc"
version = "0.2.155"
source = "registry+https://github.com/rust-lang/crates.io-index"
checksum = "97b3888a4aecf77e811145cadf6eef5901f4782c53886191b2f693f24761847c"
